speakeasyVersion: 1.780.0
sources:
    Outpost API:
        sourceNamespace: outpost-api
        sourceRevisionDigest: sha256:24a17a5df69df39bbfcb267ecd21f7f25e819333ec8a28788d2be401da4b418a
        sourceBlobDigest: sha256:f0746ce81a2f018b57511af0fce5ce8c7e21ebe6ea1a3ed41b34419a0d8b63f0
        tags:
            - latest
            - 0.0.1
    Outpost API (Go):
        sourceNamespace: outpost-api
        sourceRevisionDigest: sha256:272832aae60da69564adb28db3e59a48a3da710195a9afd0c2a6a6324a5e0161
        sourceBlobDigest: sha256:a5d8386e9a62e23bf3190863ce77caf3f7abf4bf65ef3329546dc73872310ce6
        tags:
            - latest
            - 0.0.1
    Outpost API (Python):
        sourceNamespace: outpost-api
        sourceRevisionDigest: sha256:937055133d51d769613a52eba7ae6ef4106e5b682589e863e12c336b25646930
        sourceBlobDigest: sha256:b4d9106bc1376950b213e639f5e5fa4b5da5cc51277ee3d6bdf44b48068a17a2
        tags:
            - latest
            - 0.0.1
targets:
    outpost-go:
        source: Outpost API (Go)
        sourceNamespace: outpost-api
        sourceRevisionDigest: sha256:272832aae60da69564adb28db3e59a48a3da710195a9afd0c2a6a6324a5e0161
        sourceBlobDigest: sha256:a5d8386e9a62e23bf3190863ce77caf3f7abf4bf65ef3329546dc73872310ce6
        codeSamplesNamespace: outpost-api-go-code-samples
        codeSamplesRevisionDigest: sha256:8abaec796a7e281a9f8fdb053397c5e11ecd7ba80508d9317980f8039ad15b7b
    outpost-python:
        source: Outpost API (Python)
        sourceNamespace: outpost-api
        sourceRevisionDigest: sha256:937055133d51d769613a52eba7ae6ef4106e5b682589e863e12c336b25646930
        sourceBlobDigest: sha256:b4d9106bc1376950b213e639f5e5fa4b5da5cc51277ee3d6bdf44b48068a17a2
        codeSamplesNamespace: outpost-api-python-code-samples
        codeSamplesRevisionDigest: sha256:261e1231d3e2a0b21b6ab7b19985993f3002bb1ac6c14eb752e16bb7615c92bf
    outpost-ts:
        source: Outpost API
        sourceNamespace: outpost-api
        sourceRevisionDigest: sha256:24a17a5df69df39bbfcb267ecd21f7f25e819333ec8a28788d2be401da4b418a
        sourceBlobDigest: sha256:f0746ce81a2f018b57511af0fce5ce8c7e21ebe6ea1a3ed41b34419a0d8b63f0
        codeSamplesNamespace: outpost-api-typescript-code-samples
        codeSamplesRevisionDigest: sha256:c9058af42924432f4201d42c07f43ca7bb4b1ff7ee25e9b3c1387e51e031340c
workflow:
    workflowVersion: 1.0.0
    speakeasyVersion: latest
    sources:
        Outpost API:
            inputs:
                - location: ./docs/apis/openapi.yaml
            overlays:
                - location: ./sdks/schemas/speakeasy-modifications-overlay.yaml
                - location: ./sdks/schemas/security-collapse-overlay.yaml
                - location: ./sdks/schemas/error-types.yaml
            registry:
                location: registry.speakeasyapi.dev/hookdeck-dev/outpost/outpost-api
        Outpost API (Go):
            inputs:
                - location: ./docs/apis/openapi.yaml
            overlays:
                - location: ./sdks/schemas/speakeasy-modifications-overlay.yaml
                - location: ./sdks/schemas/security-collapse-overlay.yaml
                - location: ./sdks/schemas/error-types.yaml
                - location: ./sdks/schemas/go-array-params-overlay.yaml
            registry:
                location: registry.speakeasyapi.dev/hookdeck-dev/outpost/outpost-api
        Outpost API (Python):
            inputs:
                - location: ./docs/apis/openapi.yaml
            overlays:
                - location: ./sdks/schemas/speakeasy-modifications-overlay.yaml
                - location: ./sdks/schemas/security-collapse-overlay.yaml
                - location: ./sdks/schemas/error-types.yaml
                - location: ./sdks/schemas/python-pagination-fixes-overlay.yaml
            registry:
                location: registry.speakeasyapi.dev/hookdeck-dev/outpost/outpost-api
    targets:
        outpost-go:
            target: go
            source: Outpost API (Go)
            output: ./sdks/outpost-go
            codeSamples:
                registry:
                    location: registry.speakeasyapi.dev/hookdeck-dev/outpost/outpost-api-go-code-samples
                labelOverride:
                    fixedValue: Go (SDK)
                blocking: false
        outpost-python:
            target: python
            source: Outpost API (Python)
            output: ./sdks/outpost-python
            publish:
                pypi:
                    token: $pypi_token
            codeSamples:
                registry:
                    location: registry.speakeasyapi.dev/hookdeck-dev/outpost/outpost-api-python-code-samples
                labelOverride:
                    fixedValue: Python (SDK)
                blocking: false
        outpost-ts:
            target: typescript
            source: Outpost API
            output: ./sdks/outpost-typescript
            publish:
                npm:
                    token: $npm_token
            codeSamples:
                registry:
                    location: registry.speakeasyapi.dev/hookdeck-dev/outpost/outpost-api-typescript-code-samples
                labelOverride:
                    fixedValue: Typescript (SDK)
                blocking: false
