speakeasyVersion: 1.791.0
sources:
    Outpost API:
        sourceNamespace: outpost-api
        sourceRevisionDigest: sha256:24a17a5df69df39bbfcb267ecd21f7f25e819333ec8a28788d2be401da4b418a
        sourceBlobDigest: sha256:f0746ce81a2f018b57511af0fce5ce8c7e21ebe6ea1a3ed41b34419a0d8b63f0
        tags:
            - latest
            - 0.0.1
    Outpost API (Go):
        sourceNamespace: outpost-api
        sourceRevisionDigest: sha256:ba307a07a4b80976f89c2150f00df2862a5a79eeba4c8eaf7e8d2e2e5272c857
        sourceBlobDigest: sha256:6df4701cae121bd1ec0a61a720bab0de1d468df6bbbb4a7f315718766d0a3387
        tags:
            - latest
            - 0.0.1
    Outpost API (Python):
        sourceNamespace: outpost-api
        sourceRevisionDigest: sha256:a44c380aadc571a62c8f0a502d80f57318958756467367167f578a621d62e37a
        sourceBlobDigest: sha256:09c25884a49d59cc6bd259a975c44ddf9b8e6785945449f223c2a1787caa1b29
        tags:
            - latest
            - 0.0.1
targets:
    outpost-go:
        source: Outpost API (Go)
        sourceNamespace: outpost-api
        sourceRevisionDigest: sha256:ba307a07a4b80976f89c2150f00df2862a5a79eeba4c8eaf7e8d2e2e5272c857
        sourceBlobDigest: sha256:6df4701cae121bd1ec0a61a720bab0de1d468df6bbbb4a7f315718766d0a3387
        codeSamplesNamespace: outpost-api-go-code-samples
        codeSamplesRevisionDigest: sha256:93e4c28a4f863cc94099f6ad8194669ebd321d6c2d055021777ab0cb82230827
    outpost-python:
        source: Outpost API (Python)
        sourceNamespace: outpost-api
        sourceRevisionDigest: sha256:a44c380aadc571a62c8f0a502d80f57318958756467367167f578a621d62e37a
        sourceBlobDigest: sha256:09c25884a49d59cc6bd259a975c44ddf9b8e6785945449f223c2a1787caa1b29
        codeSamplesNamespace: outpost-api-python-code-samples
        codeSamplesRevisionDigest: sha256:94386a784053d9ad4e351efb29c83bda3b2ee73409f5d9f4701f31526cbe8e44
    outpost-ts:
        source: Outpost API
        sourceNamespace: outpost-api
        sourceRevisionDigest: sha256:24a17a5df69df39bbfcb267ecd21f7f25e819333ec8a28788d2be401da4b418a
        sourceBlobDigest: sha256:f0746ce81a2f018b57511af0fce5ce8c7e21ebe6ea1a3ed41b34419a0d8b63f0
        codeSamplesNamespace: outpost-api-typescript-code-samples
        codeSamplesRevisionDigest: sha256:c9058af42924432f4201d42c07f43ca7bb4b1ff7ee25e9b3c1387e51e031340c
workflow:
    workflowVersion: 1.0.0
    speakeasyVersion: latest
    sources:
        Outpost API:
            inputs:
                - location: ./docs/apis/openapi.yaml
            overlays:
                - location: ./sdks/schemas/speakeasy-modifications-overlay.yaml
                - location: ./sdks/schemas/security-collapse-overlay.yaml
                - location: ./sdks/schemas/error-types.yaml
            registry:
                location: registry.speakeasyapi.dev/hookdeck-dev/outpost/outpost-api
        Outpost API (Go):
            inputs:
                - location: ./docs/apis/openapi.yaml
            overlays:
                - location: ./sdks/schemas/speakeasy-modifications-overlay.yaml
                - location: ./sdks/schemas/security-collapse-overlay.yaml
                - location: ./sdks/schemas/error-types.yaml
                - location: ./sdks/schemas/go-array-params-overlay.yaml
            registry:
                location: registry.speakeasyapi.dev/hookdeck-dev/outpost/outpost-api
        Outpost API (Python):
            inputs:
                - location: ./docs/apis/openapi.yaml
            overlays:
                - location: ./sdks/schemas/speakeasy-modifications-overlay.yaml
                - location: ./sdks/schemas/security-collapse-overlay.yaml
                - location: ./sdks/schemas/error-types.yaml
                - location: ./sdks/schemas/python-pagination-fixes-overlay.yaml
            registry:
                location: registry.speakeasyapi.dev/hookdeck-dev/outpost/outpost-api
    targets:
        outpost-go:
            target: go
            source: Outpost API (Go)
            output: ./sdks/outpost-go
            codeSamples:
                registry:
                    location: registry.speakeasyapi.dev/hookdeck-dev/outpost/outpost-api-go-code-samples
                labelOverride:
                    fixedValue: Go (SDK)
                blocking: false
        outpost-python:
            target: python
            source: Outpost API (Python)
            output: ./sdks/outpost-python
            publish:
                pypi:
                    token: $pypi_token
            codeSamples:
                registry:
                    location: registry.speakeasyapi.dev/hookdeck-dev/outpost/outpost-api-python-code-samples
                labelOverride:
                    fixedValue: Python (SDK)
                blocking: false
        outpost-ts:
            target: typescript
            source: Outpost API
            output: ./sdks/outpost-typescript
            publish:
                npm:
                    token: $npm_token
            codeSamples:
                registry:
                    location: registry.speakeasyapi.dev/hookdeck-dev/outpost/outpost-api-typescript-code-samples
                labelOverride:
                    fixedValue: Typescript (SDK)
                blocking: false
