speakeasyVersion: 1.686.0
sources:
    Outpost API:
        sourceNamespace: outpost-api
        sourceRevisionDigest: sha256:8941d1967366536a7f0a5ffcdc01778a28f4b8b924742cd71187bbc7b9d3c1bd
        sourceBlobDigest: sha256:bc4c78bf0f74da9cbc25c15d9c2fe8ccde94fabf447bb8de28307556efaa7d7d
        tags:
            - latest
            - speakeasy-sdk-regen-1768556640
            - 0.0.1
targets:
    outpost-go:
        source: Outpost API
        sourceNamespace: outpost-api
        sourceRevisionDigest: sha256:8941d1967366536a7f0a5ffcdc01778a28f4b8b924742cd71187bbc7b9d3c1bd
        sourceBlobDigest: sha256:bc4c78bf0f74da9cbc25c15d9c2fe8ccde94fabf447bb8de28307556efaa7d7d
        codeSamplesNamespace: outpost-api-go-code-samples
        codeSamplesRevisionDigest: sha256:77daa72d768a7e2d49a8d9f4ddc6ad8b999fa186832b66c268e126ddcd7a40c6
    outpost-python:
        source: Outpost API
        sourceNamespace: outpost-api
        sourceRevisionDigest: sha256:e09cf02de047cf6d007545274c477e2a90c561074b9de170d844d9ab9ffbbca6
        sourceBlobDigest: sha256:c405cfc4f2de092323a9dd68a09f7c08b563d363bce7463fc8b426d10acacf99
        codeSamplesNamespace: outpost-api-python-code-samples
        codeSamplesRevisionDigest: sha256:d8540bce24dc0cc34650c9546892f1d45db9fe1867c18571e046e9c72123a246
    outpost-ts:
        source: Outpost API
        sourceNamespace: outpost-api
        sourceRevisionDigest: sha256:abcb227d706ddbbb55ab9a423da413260c4d83c247616a9f6067890ff4bfa997
        sourceBlobDigest: sha256:b8f43e14862cadf618bc568c76cec68ed15da6c4c7fec0541edd4671a3b26815
        codeSamplesNamespace: outpost-api-typescript-code-samples
        codeSamplesRevisionDigest: sha256:58c8e1b33a4de342b37a90c0c490a21c795e4b5c6c4f2ceef9f8c45b817a56f3
workflow:
    workflowVersion: 1.0.0
    speakeasyVersion: latest
    sources:
        Outpost API:
            inputs:
                - location: ./docs/apis/openapi.yaml
            overlays:
                - location: ./sdks/schemas/speakeasy-modifications-overlay.yaml
                - location: ./sdks/schemas/error-types.yaml
                - location: ./sdks/schemas/pagination-fixes-overlay.yaml
            registry:
                location: registry.speakeasyapi.dev/hookdeck-dev/outpost/outpost-api
    targets:
        outpost-go:
            target: go
            source: Outpost API
            output: ./sdks/outpost-go
            codeSamples:
                registry:
                    location: registry.speakeasyapi.dev/hookdeck-dev/outpost/outpost-api-go-code-samples
                labelOverride:
                    fixedValue: Go (SDK)
                blocking: false
        outpost-python:
            target: python
            source: Outpost API
            output: ./sdks/outpost-python
            publish:
                pypi:
                    token: $pypi_token
            codeSamples:
                registry:
                    location: registry.speakeasyapi.dev/hookdeck-dev/outpost/outpost-api-python-code-samples
                labelOverride:
                    fixedValue: Python (SDK)
                blocking: false
        outpost-ts:
            target: typescript
            source: Outpost API
            output: ./sdks/outpost-typescript
            publish:
                npm:
                    token: $npm_token
            codeSamples:
                registry:
                    location: registry.speakeasyapi.dev/hookdeck-dev/outpost/outpost-api-typescript-code-samples
                labelOverride:
                    fixedValue: Typescript (SDK)
                blocking: false
